// !$*UTF8*$!
{
	archiveVersion = 1;
	classes = {
	};
	objectVersion = 77;
	objects = {

/* Begin PBXContainerItemProxy section */
		AC977AFC2DEB19D9002B1C9B /* PBXContainerItemProxy */ = {
			isa = PBXContainerItemProxy;
			containerPortal = AC977AE62DEB19D8002B1C9B /* Project object */;
			proxyType = 1;
			remoteGlobalIDString = AC977AED2DEB19D8002B1C9B;
			remoteInfo = C3_prototype;
		};
		AC977B062DEB19D9002B1C9B /* PBXContainerItemProxy */ = {
			isa = PBXContainerItemProxy;
			containerPortal = AC977AE62DEB19D8002B1C9B /* Project object */;
			proxyType = 1;
			remoteGlobalIDString = AC977AED2DEB19D8002B1C9B;
			remoteInfo = C3_prototype;
		};
/* End PBXContainerItemProxy section */

/* Begin PBXFileReference section */
		AC977AEE2DEB19D8002B1C9B /* C3_prototype.app */ = {isa = PBXFileReference; explicitFileType = wrapper.application; includeInIndex = 0; path = C3_prototype.app; sourceTree = BUILT_PRODUCTS_DIR; };
		AC977AFB2DEB19D9002B1C9B /* C3_prototypeTests.xctest */ = {isa = PBXFileReference; explicitFileType = wrapper.cfbundle; includeInIndex = 0; path = C3_prototypeTests.xctest; sourceTree = BUILT_PRODUCTS_DIR; };
		AC977B052DEB19D9002B1C9B /* C3_prototypeUITests.xctest */ = {isa = PBXFileReference; explicitFileType = wrapper.cfbundle; includeInIndex = 0; path = C3_prototypeUITests.xctest; sourceTree = BUILT_PRODUCTS_DIR; };
/* End PBXFileReference section */

/* Begin PBXFileSystemSynchronizedRootGroup section */
		AC977AF02DEB19D8002B1C9B /* C3_prototype */ = {
			isa = PBXFileSystemSynchronizedRootGroup;
			path = C3_prototype;
			sourceTree = "<group>";
		};
		AC977AFE2DEB19D9002B1C9B /* C3_prototypeTests */ = {
			isa = PBXFileSystemSynchronizedRootGroup;
			path = C3_prototypeTests;
			sourceTree = "<group>";
		};
		AC977B082DEB19D9002B1C9B /* C3_prototypeUITests */ = {
			isa = PBXFileSystemSynchronizedRootGroup;
			path = C3_prototypeUITests;
			sourceTree = "<group>";
		};
/* End PBXFileSystemSynchronizedRootGroup section */

/* Begin PBXFrameworksBuildPhase section */
		AC977AEB2DEB19D8002B1C9B /* Frameworks */ = {
			isa = PBXFrameworksBuildPhase;
			buildActionMask = 2147483647;
			files = (
			);
			runOnlyForDeploymentPostprocessing = 0;
		};
		AC977AF82DEB19D9002B1C9B /* Frameworks */ = {
			isa = PBXFrameworksBuildPhase;
			buildActionMask = 2147483647;
			files = (
			);
			runOnlyForDeploymentPostprocessing = 0;
		};
		AC977B022DEB19D9002B1C9B /* Frameworks */ = {
			isa = PBXFrameworksBuildPhase;
			buildActionMask = 2147483647;
			files = (
			);
			runOnlyForDeploymentPostprocessing = 0;
		};
/* End PBXFrameworksBuildPhase section */

/* Begin PBXGroup section */
		AC977AE52DEB19D8002B1C9B = {
			isa = PBXGroup;
			children = (
				AC977AF02DEB19D8002B1C9B /* C3_prototype */,
				AC977AFE2DEB19D9002B1C9B /* C3_prototypeTests */,
				AC977B082DEB19D9002B1C9B /* C3_prototypeUITests */,
				AC977AEF2DEB19D8002B1C9B /* Products */,
			);
			sourceTree = "<group>";
		};
		AC977AEF2DEB19D8002B1C9B /* Products */ = {
			isa = PBXGroup;
			children = (
				AC977AEE2DEB19D8002B1C9B /* C3_prototype.app */,
				AC977AFB2DEB19D9002B1C9B /* C3_prototypeTests.xctest */,
				AC977B052DEB19D9002B1C9B /* C3_prototypeUITests.xctest */,
			);
			name = Products;
			sourceTree = "<group>";
		};
/* End PBXGroup section */

/* Begin PBXNativeTarget section */
		AC977AED2DEB19D8002B1C9B /* C3_prototype */ = {
			isa = PBXNativeTarget;
			buildConfigurationList = AC977B0F2DEB19D9002B1C9B /* Build configuration list for PBXNativeTarget "C3_prototype" */;
			buildPhases = (
				AC977AEA2DEB19D8002B1C9B /* Sources */,
				AC977AEB2DEB19D8002B1C9B /* Frameworks */,
				AC977AEC2DEB19D8002B1C9B /* Resources */,
			);
			buildRules = (
			);
			dependencies = (
			);
			fileSystemSynchronizedGroups = (
				AC977AF02DEB19D8002B1C9B /* C3_prototype */,
			);
			name = C3_prototype;
			packageProductDependencies = (
			);
			productName = C3_prototype;
			productReference = AC977AEE2DEB19D8002B1C9B /* C3_prototype.app */;
			productType = "com.apple.product-type.application";
		};
		AC977AFA2DEB19D9002B1C9B /* C3_prototypeTests */ = {
			isa = PBXNativeTarget;
			buildConfigurationList = AC977B122DEB19D9002B1C9B /* Build configuration list for PBXNativeTarget "C3_prototypeTests" */;
			buildPhases = (
				AC977AF72DEB19D9002B1C9B /* Sources */,
				AC977AF82DEB19D9002B1C9B /* Frameworks */,
				AC977AF92DEB19D9002B1C9B /* Resources */,
			);
			buildRules = (
			);
			dependencies = (
				AC977AFD2DEB19D9002B1C9B /* PBXTargetDependency */,
			);
			fileSystemSynchronizedGroups = (
				AC977AFE2DEB19D9002B1C9B /* C3_prototypeTests */,
			);
			name = C3_prototypeTests;
			packageProductDependencies = (
			);
			productName = C3_prototypeTests;
			productReference = AC977AFB2DEB19D9002B1C9B /* C3_prototypeTests.xctest */;
			productType = "com.apple.product-type.bundle.unit-test";
		};
		AC977B042DEB19D9002B1C9B /* C3_prototypeUITests */ = {
			isa = PBXNativeTarget;
			buildConfigurationList = AC977B152DEB19D9002B1C9B /* Build configuration list for PBXNativeTarget "C3_prototypeUITests" */;
			buildPhases = (
				AC977B012DEB19D9002B1C9B /* Sources */,
				AC977B022DEB19D9002B1C9B /* Frameworks */,
				AC977B032DEB19D9002B1C9B /* Resources */,
			);
			buildRules = (
			);
			dependencies = (
				AC977B072DEB19D9002B1C9B /* PBXTargetDependency */,
			);
			fileSystemSynchronizedGroups = (
				AC977B082DEB19D9002B1C9B /* C3_prototypeUITests */,
			);
			name = C3_prototypeUITests;
			packageProductDependencies = (
			);
			productName = C3_prototypeUITests;
			productReference = AC977B052DEB19D9002B1C9B /* C3_prototypeUITests.xctest */;
			productType = "com.apple.product-type.bundle.ui-testing";
		};
/* End PBXNativeTarget section */

/* Begin PBXProject section */
		AC977AE62DEB19D8002B1C9B /* Project object */ = {
			isa = PBXProject;
			attributes = {
				BuildIndependentTargetsInParallel = 1;
				LastSwiftUpdateCheck = 1630;
				LastUpgradeCheck = 1630;
				TargetAttributes = {
					AC977AED2DEB19D8002B1C9B = {
						CreatedOnToolsVersion = 16.3;
					};
					AC977AFA2DEB19D9002B1C9B = {
						CreatedOnToolsVersion = 16.3;
						TestTargetID = AC977AED2DEB19D8002B1C9B;
					};
					AC977B042DEB19D9002B1C9B = {
						CreatedOnToolsVersion = 16.3;
						TestTargetID = AC977AED2DEB19D8002B1C9B;
					};
				};
			};
			buildConfigurationList = AC977AE92DEB19D8002B1C9B /* Build configuration list for PBXProject "C3_prototype" */;
			developmentRegion = en;
			hasScannedForEncodings = 0;
			knownRegions = (
				en,
				Base,
			);
			mainGroup = AC977AE52DEB19D8002B1C9B;
			minimizedProjectReferenceProxies = 1;
			preferredProjectObjectVersion = 77;
			productRefGroup = AC977AEF2DEB19D8002B1C9B /* Products */;
			projectDirPath = "";
			projectRoot = "";
			targets = (
				AC977AED2DEB19D8002B1C9B /* C3_prototype */,
				AC977AFA2DEB19D9002B1C9B /* C3_prototypeTests */,
				AC977B042DEB19D9002B1C9B /* C3_prototypeUITests */,
			);
		};
/* End PBXProject section */

/* Begin PBXResourcesBuildPhase section */
		AC977AEC2DEB19D8002B1C9B /* Resources */ = {
			isa = PBXResourcesBuildPhase;
			buildActionMask = 2147483647;
			files = (
			);
			runOnlyForDeploymentPostprocessing = 0;
		};
		AC977AF92DEB19D9002B1C9B /* Resources */ = {
			isa = PBXResourcesBuildPhase;
			buildActionMask = 2147483647;
			files = (
			);
			runOnlyForDeploymentPostprocessing = 0;
		};
		AC977B032DEB19D9002B1C9B /* Resources */ = {
			isa = PBXResourcesBuildPhase;
			buildActionMask = 2147483647;
			files = (
			);
			runOnlyForDeploymentPostprocessing = 0;
		};
/* End PBXResourcesBuildPhase section */

/* Begin PBXSourcesBuildPhase section */
		AC977AEA2DEB19D8002B1C9B /* Sources */ = {
			isa = PBXSourcesBuildPhase;
			buildActionMask = 2147483647;
			files = (
			);
			runOnlyForDeploymentPostprocessing = 0;
		};
		AC977AF72DEB19D9002B1C9B /* Sources */ = {
			isa = PBXSourcesBuildPhase;
			buildActionMask = 2147483647;
			files = (
			);
			runOnlyForDeploymentPostprocessing = 0;
		};
		AC977B012DEB19D9002B1C9B /* Sources */ = {
			isa = PBXSourcesBuildPhase;
			buildActionMask = 2147483647;
			files = (
			);
			runOnlyForDeploymentPostprocessing = 0;
		};
/* End PBXSourcesBuildPhase section */

/* Begin PBXTargetDependency section */
		AC977AFD2DEB19D9002B1C9B /* PBXTargetDependency */ = {
			isa = PBXTargetDependency;
			target = AC977AED2DEB19D8002B1C9B /* C3_prototype */;
			targetProxy = AC977AFC2DEB19D9002B1C9B /* PBXContainerItemProxy */;
		};
		AC977B072DEB19D9002B1C9B /* PBXTargetDependency */ = {
			isa = PBXTargetDependency;
			target = AC977AED2DEB19D8002B1C9B /* C3_prototype */;
			targetProxy = AC977B062DEB19D9002B1C9B /* PBXContainerItemProxy */;
		};
/* End PBXTargetDependency section */

/* Begin XCBuildConfiguration section */
		AC977B0D2DEB19D9002B1C9B /* Debug */ = {
			isa = XCBuildConfiguration;
			buildSettings = {
				ALWAYS_SEARCH_USER_PATHS = NO;
				ASSETCATALOG_COMPILER_GENERATE_SWIFT_ASSET_SYMBOL_EXTENSIONS = YES;
				CLANG_ANALYZER_NONNULL = YES;
				CLANG_ANALYZER_NUMBER_OBJECT_CONVERSION = YES_AGGRESSIVE;
				CLANG_CXX_LANGUAGE_STANDARD = "gnu++20";
				CLANG_ENABLE_MODULES = YES;
				CLANG_ENABLE_OBJC_ARC = YES;
				CLANG_ENABLE_OBJC_WEAK = YES;
				CLANG_WARN_BLOCK_CAPTURE_AUTORELEASING = YES;
				CLANG_WARN_BOOL_CONVERSION = YES;
				CLANG_WARN_COMMA = YES;
				CLANG_WARN_CONSTANT_CONVERSION = YES;
				CLANG_WARN_DEPRECATED_OBJC_IMPLEMENTATIONS = YES;
				CLANG_WARN_DIRECT_OBJC_ISA_USAGE = YES_ERROR;
				CLANG_WARN_DOCUMENTATION_COMMENTS = YES;
				CLANG_WARN_EMPTY_BODY = YES;
				CLANG_WARN_ENUM_CONVERSION = YES;
				CLANG_WARN_INFINITE_RECURSION = YES;
				CLANG_WARN_INT_CONVERSION = YES;
				CLANG_WARN_NON_LITERAL_NULL_CONVERSION = YES;
				CLANG_WARN_OBJC_IMPLICIT_RETAIN_SELF = YES;
				CLANG_WARN_OBJC_LITERAL_CONVERSION = YES;
				CLANG_WARN_OBJC_ROOT_CLASS = YES_ERROR;
				CLANG_WARN_QUOTED_INCLUDE_IN_FRAMEWORK_HEADER = YES;
				CLANG_WARN_RANGE_LOOP_ANALYSIS = YES;
				CLANG_WARN_STRICT_PROTOTYPES = YES;
				CLANG_WARN_SUSPICIOUS_MOVE = YES;
				CLANG_WARN_UNGUARDED_AVAILABILITY = YES_AGGRESSIVE;
				CLANG_WARN_UNREACHABLE_CODE = YES;
				CLANG_WARN__DUPLICATE_METHOD_MATCH = YES;
				COPY_PHASE_STRIP = NO;
				DEBUG_INFORMATION_FORMAT = dwarf;
				DEVELOPMENT_TEAM = V5P96PUR94;
				ENABLE_STRICT_OBJC_MSGSEND = YES;
				ENABLE_TESTABILITY = YES;
				ENABLE_USER_SCRIPT_SANDBOXING = YES;
				GCC_C_LANGUAGE_STANDARD = gnu17;
				GCC_DYNAMIC_NO_PIC = NO;
				GCC_NO_COMMON_BLOCKS = YES;
				GCC_OPTIMIZATION_LEVEL = 0;
				GCC_PREPROCESSOR_DEFINITIONS = (
					"DEBUG=1",
					"$(inherited)",
				);
				GCC_WARN_64_TO_32_BIT_CONVERSION = YES;
				GCC_WARN_ABOUT_RETURN_TYPE = YES_ERROR;
				GCC_WARN_UNDECLARED_SELECTOR = YES;
				GCC_WARN_UNINITIALIZED_AUTOS = YES_AGGRESSIVE;
				GCC_WARN_UNUSED_FUNCTION = YES;
				GCC_WARN_UNUSED_VARIABLE = YES;
				IPHONEOS_DEPLOYMENT_TARGET = 18.4;
				LOCALIZATION_PREFERS_STRING_CATALOGS = YES;
				MTL_ENABLE_DEBUG_INFO = INCLUDE_SOURCE;
				MTL_FAST_MATH = YES;
				ONLY_ACTIVE_ARCH = YES;
				SDKROOT = iphoneos;
				SWIFT_ACTIVE_COMPILATION_CONDITIONS = "DEBUG $(inherited)";
				SWIFT_OPTIMIZATION_LEVEL = "-Onone";
			};
			name = Debug;
		};
		AC977B0E2DEB19D9002B1C9B /* Release */ = {
			isa = XCBuildConfiguration;
			buildSettings = {
				ALWAYS_SEARCH_USER_PATHS = NO;
				ASSETCATALOG_COMPILER_GENERATE_SWIFT_ASSET_SYMBOL_EXTENSIONS = YES;
				CLANG_ANALYZER_NONNULL = YES;
				CLANG_ANALYZER_NUMBER_OBJECT_CONVERSION = YES_AGGRESSIVE;
				CLANG_CXX_LANGUAGE_STANDARD = "gnu++20";
				CLANG_ENABLE_MODULES = YES;
				CLANG_ENABLE_OBJC_ARC = YES;
				CLANG_ENABLE_OBJC_WEAK = YES;
				CLANG_WARN_BLOCK_CAPTURE_AUTORELEASING = YES;
				CLANG_WARN_BOOL_CONVERSION = YES;
				CLANG_WARN_COMMA = YES;
				CLANG_WARN_CONSTANT_CONVERSION = YES;
				CLANG_WARN_DEPRECATED_OBJC_IMPLEMENTATIONS = YES;
				CLANG_WARN_DIRECT_OBJC_ISA_USAGE = YES_ERROR;
				CLANG_WARN_DOCUMENTATION_COMMENTS = YES;
				CLANG_WARN_EMPTY_BODY = YES;
				CLANG_WARN_ENUM_CONVERSION = YES;
				CLANG_WARN_INFINITE_RECURSION = YES;
				CLANG_WARN_INT_CONVERSION = YES;
				CLANG_WARN_NON_LITERAL_NULL_CONVERSION = YES;
				CLANG_WARN_OBJC_IMPLICIT_RETAIN_SELF = YES;
				CLANG_WARN_OBJC_LITERAL_CONVERSION = YES;
				CLANG_WARN_OBJC_ROOT_CLASS = YES_ERROR;
				CLANG_WARN_QUOTED_INCLUDE_IN_FRAMEWORK_HEADER = YES;
				CLANG_WARN_RANGE_LOOP_ANALYSIS = YES;
				CLANG_WARN_STRICT_PROTOTYPES = YES;
				CLANG_WARN_SUSPICIOUS_MOVE = YES;
				CLANG_WARN_UNGUARDED_AVAILABILITY = YES_AGGRESSIVE;
				CLANG_WARN_UNREACHABLE_CODE = YES;
				CLANG_WARN__DUPLICATE_METHOD_MATCH = YES;
				COPY_PHASE_STRIP = NO;
				DEBUG_INFORMATION_FORMAT = "dwarf-with-dsym";
				DEVELOPMENT_TEAM = V5P96PUR94;
				ENABLE_NS_ASSERTIONS = NO;
				ENABLE_STRICT_OBJC_MSGSEND = YES;
				ENABLE_USER_SCRIPT_SANDBOXING = YES;
				GCC_C_LANGUAGE_STANDARD = gnu17;
				GCC_NO_COMMON_BLOCKS = YES;
				GCC_WARN_64_TO_32_BIT_CONVERSION = YES;
				GCC_WARN_ABOUT_RETURN_TYPE = YES_ERROR;
				GCC_WARN_UNDECLARED_SELECTOR = YES;
				GCC_WARN_UNINITIALIZED_AUTOS = YES_AGGRESSIVE;
				GCC_WARN_UNUSED_FUNCTION = YES;
				GCC_WARN_UNUSED_VARIABLE = YES;
				IPHONEOS_DEPLOYMENT_TARGET = 18.4;
				LOCALIZATION_PREFERS_STRING_CATALOGS = YES;
				MTL_ENABLE_DEBUG_INFO = NO;
				MTL_FAST_MATH = YES;
				SDKROOT = iphoneos;
				SWIFT_COMPILATION_MODE = wholemodule;
				VALIDATE_PRODUCT = YES;
			};
			name = Release;
		};
		AC977B102DEB19D9002B1C9B /* Debug */ = {
			isa = XCBuildConfiguration;
			buildSettings = {
				ASSETCATALOG_COMPILER_APPICON_NAME = AppIcon;
				ASSETCATALOG_COMPILER_GLOBAL_ACCENT_COLOR_NAME = AccentColor;
				CODE_SIGN_STYLE = Automatic;
				CURRENT_PROJECT_VERSION = 1;
				DEVELOPMENT_TEAM = V5P96PUR94;
				ENABLE_PREVIEWS = YES;
				GENERATE_INFOPLIST_FILE = YES;
				INFOPLIST_KEY_CFBundleDisplayName = SLOTIN;
				INFOPLIST_KEY_NSCalendarsUsageDescription = "\"캘린더 일정을 불러오기 위해 접근 권한이 필요합니다.\"";
				INFOPLIST_KEY_UIApplicationSceneManifest_Generation = YES;
				INFOPLIST_KEY_UIApplicationSupportsIndirectInputEvents = YES;
				INFOPLIST_KEY_UILaunchScreen_Generation = YES;
				INFOPLIST_KEY_UISupportedInterfaceOrientations_iPad = "UIInterfaceOrientationPortrait UIInterfaceOrientationPortraitUpsideDown UIInterfaceOrientationLandscapeLeft UIInterfaceOrientationLandscapeRight";
				INFOPLIST_KEY_UISupportedInterfaceOrientations_iPhone = "UIInterfaceOrientationPortrait UIInterfaceOrientationLandscapeLeft UIInterfaceOrientationLandscapeRight";
				LD_RUNPATH_SEARCH_PATHS = (
					"$(inherited)",
					"@executable_path/Frameworks",
				);
				MARKETING_VERSION = 1.0;
				PRODUCT_BUNDLE_IDENTIFIER = "com.paduck.C3-prototype";
				PRODUCT_NAME = "$(TARGET_NAME)";
				SWIFT_EMIT_LOC_STRINGS = YES;
				SWIFT_VERSION = 5.0;
				TARGETED_DEVICE_FAMILY = "1,2";
			};
			name = Debug;
		};
		AC977B112DEB19D9002B1C9B /* Release */ = {
			isa = XCBuildConfiguration;
			buildSettings = {
				ASSETCATALOG_COMPILER_APPICON_NAME = AppIcon;
				ASSETCATALOG_COMPILER_GLOBAL_ACCENT_COLOR_NAME = AccentColor;
				CODE_SIGN_STYLE = Automatic;
				CURRENT_PROJECT_VERSION = 1;
				DEVELOPMENT_TEAM = V5P96PUR94;
				ENABLE_PREVIEWS = YES;
				GENERATE_INFOPLIST_FILE = YES;
				INFOPLIST_KEY_CFBundleDisplayName = SLOTIN;
				INFOPLIST_KEY_NSCalendarsUsageDescription = "\"캘린더 일정을 불러오기 위해 접근 권한이 필요합니다.\"";
				INFOPLIST_KEY_UIApplicationSceneManifest_Generation = YES;
				INFOPLIST_KEY_UIApplicationSupportsIndirectInputEvents = YES;
				INFOPLIST_KEY_UILaunchScreen_Generation = YES;
				INFOPLIST_KEY_UISupportedInterfaceOrientations_iPad = "UIInterfaceOrientationPortrait UIInterfaceOrientationPortraitUpsideDown UIInterfaceOrientationLandscapeLeft UIInterfaceOrientationLandscapeRight";
				INFOPLIST_KEY_UISupportedInterfaceOrientations_iPhone = "UIInterfaceOrientationPortrait UIInterfaceOrientationLandscapeLeft UIInterfaceOrientationLandscapeRight";
				LD_RUNPATH_SEARCH_PATHS = (
					"$(inherited)",
					"@executable_path/Frameworks",
				);
				MARKETING_VERSION = 1.0;
				PRODUCT_BUNDLE_IDENTIFIER = "com.paduck.C3-prototype";
				PRODUCT_NAME = "$(TARGET_NAME)";
				SWIFT_EMIT_LOC_STRINGS = YES;
				SWIFT_VERSION = 5.0;
				TARGETED_DEVICE_FAMILY = "1,2";
			};
			name = Release;
		};
		AC977B132DEB19D9002B1C9B /* Debug */ = {
			isa = XCBuildConfiguration;
			buildSettings = {
				BUNDLE_LOADER = "$(TEST_HOST)";
				CODE_SIGN_STYLE = Automatic;
				CURRENT_PROJECT_VERSION = 1;
				DEVELOPMENT_TEAM = V5P96PUR94;
				GENERATE_INFOPLIST_FILE = YES;
				IPHONEOS_DEPLOYMENT_TARGET = 18.4;
				MARKETING_VERSION = 1.0;
				PRODUCT_BUNDLE_IDENTIFIER = "com.paduck.C3-prototypeTests";
				PRODUCT_NAME = "$(TARGET_NAME)";
				SWIFT_EMIT_LOC_STRINGS = NO;
				SWIFT_VERSION = 5.0;
				TARGETED_DEVICE_FAMILY = "1,2";
				TEST_HOST = "$(BUILT_PRODUCTS_DIR)/C3_prototype.app/$(BUNDLE_EXECUTABLE_FOLDER_PATH)/C3_prototype";
			};
			name = Debug;
		};
		AC977B142DEB19D9002B1C9B /* Release */ = {
			isa = XCBuildConfiguration;
			buildSettings = {
				BUNDLE_LOADER = "$(TEST_HOST)";
				CODE_SIGN_STYLE = Automatic;
				CURRENT_PROJECT_VERSION = 1;
				DEVELOPMENT_TEAM = V5P96PUR94;
				GENERATE_INFOPLIST_FILE = YES;
				IPHONEOS_DEPLOYMENT_TARGET = 18.4;
				MARKETING_VERSION = 1.0;
				PRODUCT_BUNDLE_IDENTIFIER = "com.paduck.C3-prototypeTests";
				PRODUCT_NAME = "$(TARGET_NAME)";
				SWIFT_EMIT_LOC_STRINGS = NO;
				SWIFT_VERSION = 5.0;
				TARGETED_DEVICE_FAMILY = "1,2";
				TEST_HOST = "$(BUILT_PRODUCTS_DIR)/C3_prototype.app/$(BUNDLE_EXECUTABLE_FOLDER_PATH)/C3_prototype";
			};
			name = Release;
		};
		AC977B162DEB19D9002B1C9B /* Debug */ = {
			isa = XCBuildConfiguration;
			buildSettings = {
				CODE_SIGN_STYLE = Automatic;
				CURRENT_PROJECT_VERSION = 1;
				DEVELOPMENT_TEAM = V5P96PUR94;
				GENERATE_INFOPLIST_FILE = YES;
				MARKETING_VERSION = 1.0;
				PRODUCT_BUNDLE_IDENTIFIER = "com.paduck.C3-prototypeUITests";
				PRODUCT_NAME = "$(TARGET_NAME)";
				SWIFT_EMIT_LOC_STRINGS = NO;
				SWIFT_VERSION = 5.0;
				TARGETED_DEVICE_FAMILY = "1,2";
				TEST_TARGET_NAME = C3_prototype;
			};
			name = Debug;
		};
		AC977B172DEB19D9002B1C9B /* Release */ = {
			isa = XCBuildConfiguration;
			buildSettings = {
				CODE_SIGN_STYLE = Automatic;
				CURRENT_PROJECT_VERSION = 1;
				DEVELOPMENT_TEAM = V5P96PUR94;
				GENERATE_INFOPLIST_FILE = YES;
				MARKETING_VERSION = 1.0;
				PRODUCT_BUNDLE_IDENTIFIER = "com.paduck.C3-prototypeUITests";
				PRODUCT_NAME = "$(TARGET_NAME)";
				SWIFT_EMIT_LOC_STRINGS = NO;
				SWIFT_VERSION = 5.0;
				TARGETED_DEVICE_FAMILY = "1,2";
				TEST_TARGET_NAME = C3_prototype;
			};
			name = Release;
		};
/* End XCBuildConfiguration section */

/* Begin XCConfigurationList section */
		AC977AE92DEB19D8002B1C9B /* Build configuration list for PBXProject "C3_prototype" */ = {
			isa = XCConfigurationList;
			buildConfigurations = (
				AC977B0D2DEB19D9002B1C9B /* Debug */,
				AC977B0E2DEB19D9002B1C9B /* Release */,
			);
			defaultConfigurationIsVisible = 0;
			defaultConfigurationName = Release;
		};
		AC977B0F2DEB19D9002B1C9B /* Build configuration list for PBXNativeTarget "C3_prototype" */ = {
			isa = XCConfigurationList;
			buildConfigurations = (
				AC977B102DEB19D9002B1C9B /* Debug */,
				AC977B112DEB19D9002B1C9B /* Release */,
			);
			defaultConfigurationIsVisible = 0;
			defaultConfigurationName = Release;
		};
		AC977B122DEB19D9002B1C9B /* Build configuration list for PBXNativeTarget "C3_prototypeTests" */ = {
			isa = XCConfigurationList;
			buildConfigurations = (
				AC977B132DEB19D9002B1C9B /* Debug */,
				AC977B142DEB19D9002B1C9B /* Release */,
			);
			defaultConfigurationIsVisible = 0;
			defaultConfigurationName = Release;
		};
		AC977B152DEB19D9002B1C9B /* Build configuration list for PBXNativeTarget "C3_prototypeUITests" */ = {
			isa = XCConfigurationList;
			buildConfigurations = (
				AC977B162DEB19D9002B1C9B /* Debug */,
				AC977B172DEB19D9002B1C9B /* Release */,
			);
			defaultConfigurationIsVisible = 0;
			defaultConfigurationName = Release;
		};
/* End XCConfigurationList section */
	};
	rootObject = AC977AE62DEB19D8002B1C9B /* Project object */;
}
